{
  "lockfile_version": "1",
  "packages": {
    "github:NixOS/nixpkgs/nixpkgs-unstable": {
      "last_modified": "2026-05-15T18:21:44Z",
      "resolved": "github:NixOS/nixpkgs/d233902339c02a9c334e7e593de68855ad26c4cb?lastModified=1778869304"
    },
    "gnuplot@6.0.4": {
      "last_modified": "2026-05-21T08:15:18Z",
      "resolved": "github:NixOS/nixpkgs/4a29d733e8a7d5b824c3d8c958a946a9867b3eb2#gnuplot",
      "source": "devbox-search",
      "version": "6.0.4",
      "systems": {
        "aarch64-darwin": {
          "outputs": [
            {
              "name": "out",
              "path": "/nix/store/jn9slfm0wzwlijdh7585s068cplvh57h-gnuplot-6.0.4",
              "default": true
            }
          ],
          "store_path": "/nix/store/jn9slfm0wzwlijdh7585s068cplvh57h-gnuplot-6.0.4"
        },
        "aarch64-linux": {
          "outputs": [
            {
              "name": "out",
              "path": "/nix/store/8ilm6l1gwln16lbq1bfb08rqiywhddg1-gnuplot-6.0.4",
              "default": true
            }
          ],
          "store_path": "/nix/store/8ilm6l1gwln16lbq1bfb08rqiywhddg1-gnuplot-6.0.4"
        },
        "x86_64-darwin": {
          "outputs": [
            {
              "name": "out",
              "path": "/nix/store/h1h4jlpsfv60xdba7hqaaazcwypx3126-gnuplot-6.0.4",
              "default": true
            }
          ],
          "store_path": "/nix/store/h1h4jlpsfv60xdba7hqaaazcwypx3126-gnuplot-6.0.4"
        },
        "x86_64-linux": {
          "outputs": [
            {
              "name": "out",
              "path": "/nix/store/yixmzdlalpdrsfb187w6msl7n2sjjyx8-gnuplot-6.0.4",
              "default": true
            }
          ],
          "store_path": "/nix/store/yixmzdlalpdrsfb187w6msl7n2sjjyx8-gnuplot-6.0.4"
        }
      }
    },
    "postgresql@17.10": {
      "last_modified": "2026-06-08T15:01:26Z",
      "plugin_version": "0.0.2",
      "resolved": "github:NixOS/nixpkgs/8c3cede7ddc26bd659d2d383b5610efbd2c7a16e#postgresql",
      "source": "devbox-search",
      "version": "17.10",
      "systems": {
        "aarch64-darwin": {
          "outputs": [
            {
              "name": "out",
              "path": "/nix/store/k5mjkij9d9fcikm1pshcads63fsyf08r-postgresql-17.10",
              "default": true
            },
            {
              "name": "man",
              "path": "/nix/store/fbqgpjlxp8kjlln7f2rqlidz86dq1dxj-postgresql-17.10-man",
              "default": true
            },
            {
              "name": "doc",
              "path": "/nix/store/rbd7809q978mm98d2ah6q06hh1fak4g3-postgresql-17.10-doc"
            },
            {
              "name": "jit",
              "path": "/nix/store/jvvc8129hqsxvwxdvhgz8jhsajbyci9s-postgresql-17.10-jit"
            },
            {
              "name": "pltcl",
              "path": "/nix/store/xnqihgavm8j2p3bxrhx21v0cr4w4bvyq-postgresql-17.10-pltcl"
            },
            {
              "name": "dev",
              "path": "/nix/store/y2yfqp710f5ggzj972wvdw27c4465g9b-postgresql-17.10-dev"
            },
            {
              "name": "lib",
              "path": "/nix/store/chrd4xzfvh20skzq21p5q96cm1hwsr91-postgresql-17.10-lib"
            },
            {
              "name": "plperl",
              "path": "/nix/store/jfdxbynhcf8a69s2b9k2sm0yicdy9chb-postgresql-17.10-plperl"
            },
            {
              "name": "plpython3",
              "path": "/nix/store/x8kr0c530y07ml1f2k2q1h70j2bi5ndm-postgresql-17.10-plpython3"
            }
          ],
          "store_path": "/nix/store/k5mjkij9d9fcikm1pshcads63fsyf08r-postgresql-17.10"
        },
        "aarch64-linux": {
          "outputs": [
            {
              "name": "out",
              "path": "/nix/store/cyh24i9352vrbk53nx4lvq1m98ff8aii-postgresql-17.10",
              "default": true
            },
            {
              "name": "man",
              "path": "/nix/store/954b3d8ksbv0s2jh3p4a0i9jfcj4f1j3-postgresql-17.10-man",
              "default": true
            },
            {
              "name": "debug",
              "path": "/nix/store/dbbqlaba1d5db0l4a5xlgzvkk16bb1ql-postgresql-17.10-debug"
            },
            {
              "name": "doc",
              "path": "/nix/store/srbnmzjyc6fq3bp33lxv7185d85g44bg-postgresql-17.10-doc"
            },
            {
              "name": "jit",
              "path": "/nix/store/08a4srs7r0mskz9qnzd00h5h00008v4q-postgresql-17.10-jit"
            },
            {
              "name": "plpython3",
              "path": "/nix/store/xzhgi5yphr8awiw5ji2nmqdzqxdjshqx-postgresql-17.10-plpython3"
            },
            {
              "name": "dev",
              "path": "/nix/store/ckkjpnmpd0lgs28bhq76ffbknkbw0r2l-postgresql-17.10-dev"
            },
            {
              "name": "lib",
              "path": "/nix/store/bs4ds2zwwfjnp2bz2nqpbm3jc1xw2f76-postgresql-17.10-lib"
            },
            {
              "name": "plperl",
              "path": "/nix/store/qrwc6i1vnfhl95dy5hq9172429yf0i4w-postgresql-17.10-plperl"
            },
            {
              "name": "pltcl",
              "path": "/nix/store/3xqvyngzy2hxckg1q4d6sbn7grj8kmnm-postgresql-17.10-pltcl"
            }
          ],
          "store_path": "/nix/store/cyh24i9352vrbk53nx4lvq1m98ff8aii-postgresql-17.10"
        },
        "x86_64-darwin": {
          "outputs": [
            {
              "name": "out",
              "path": "/nix/store/2d6cqkal090xcmk7vpkvh24sl3infbby-postgresql-17.10",
              "default": true
            },
            {
              "name": "man",
              "path": "/nix/store/rg1kk7km61j8z1j6wbz3cv76zdccijp0-postgresql-17.10-man",
              "default": true
            },
            {
              "name": "plpython3",
              "path": "/nix/store/7bli73px1dfsfy1fwsxs30yxq17kvaxs-postgresql-17.10-plpython3"
            },
            {
              "name": "jit",
              "path": "/nix/store/sax9v31mpzjxngi20jwfhy32hn1d1anm-postgresql-17.10-jit"
            },
            {
              "name": "lib",
              "path": "/nix/store/s3fshal7dhhmbcsm336fghkq6bzd70lq-postgresql-17.10-lib"
            },
            {
              "name": "plperl",
              "path": "/nix/store/rbdah6bn3zm84inf5b5aqyshvri7d7lz-postgresql-17.10-plperl"
            },
            {
              "name": "pltcl",
              "path": "/nix/store/s0flr58ascaiv0mlvwfgq2gmpzgy277a-postgresql-17.10-pltcl"
            },
            {
              "name": "dev",
              "path": "/nix/store/3f6llql2ck6q7gnnyz0ysrrwkv2gghky-postgresql-17.10-dev"
            },
            {
              "name": "doc",
              "path": "/nix/store/1235f75980ib2z42isq8w00css1n4f66-postgresql-17.10-doc"
            }
          ],
          "store_path": "/nix/store/2d6cqkal090xcmk7vpkvh24sl3infbby-postgresql-17.10"
        },
        "x86_64-linux": {
          "outputs": [
            {
              "name": "out",
              "path": "/nix/store/8zm2sma9jgvq101yy4x45za4y28yd164-postgresql-17.10",
              "default": true
            },
            {
              "name": "man",
              "path": "/nix/store/csjq4w1qavdihdq7hywbr0cdf2rzpfz9-postgresql-17.10-man",
              "default": true
            },
            {
              "name": "doc",
              "path": "/nix/store/c8wad1x0pmvysnfkz5d9rcpb872qc2j7-postgresql-17.10-doc"
            },
            {
              "name": "lib",
              "path": "/nix/store/h0mwgi47x8cmwyfqgbi3spsyr8hwidn0-postgresql-17.10-lib"
            },
            {
              "name": "plperl",
              "path": "/nix/store/h98zq6zgf63dwix04cp93c0m3wk29acy-postgresql-17.10-plperl"
            },
            {
              "name": "plpython3",
              "path": "/nix/store/wy8i0s38mq87j1cbq69i950rb26z7pz1-postgresql-17.10-plpython3"
            },
            {
              "name": "pltcl",
              "path": "/nix/store/dd2j50hn9p1capz9kqcbj1773v4agpfj-postgresql-17.10-pltcl"
            },
            {
              "name": "debug",
              "path": "/nix/store/lfgkjigmsr1pyyyf42d5ilnc003bjxn7-postgresql-17.10-debug"
            },
            {
              "name": "jit",
              "path": "/nix/store/phskfynzln3q5qhc1m0i2g7n585129yn-postgresql-17.10-jit"
            },
            {
              "name": "dev",
              "path": "/nix/store/2y8a47fzhkibnfy5lzrv16ylj5rn2pj7-postgresql-17.10-dev"
            }
          ],
          "store_path": "/nix/store/8zm2sma9jgvq101yy4x45za4y28yd164-postgresql-17.10"
        }
      }
    },
    "python@3.12": {
      "last_modified": "2026-04-23T13:07:47Z",
      "plugin_version": "0.0.4",
      "resolved": "github:NixOS/nixpkgs/01fbdeef22b76df85ea168fbfe1bfd9e63681b30#python312",
      "source": "devbox-search",
      "version": "3.12.13",
      "systems": {
        "aarch64-darwin": {
          "outputs": [
            {
              "name": "out",
              "path": "/nix/store/fn6fnl5cg8qnsn1xn3lwaahk48vyw9l7-python3-3.12.13",
              "default": true
            }
          ],
          "store_path": "/nix/store/fn6fnl5cg8qnsn1xn3lwaahk48vyw9l7-python3-3.12.13"
        },
        "aarch64-linux": {
          "outputs": [
            {
              "name": "out",
              "path": "/nix/store/jczbi6lb8vws7zc251v47bpijh805lyg-python3-3.12.13",
              "default": true
            },
            {
              "name": "debug",
              "path": "/nix/store/2x5zchy1i0bprgxdvn5crjjmc4dw83p1-python3-3.12.13-debug"
            }
          ],
          "store_path": "/nix/store/jczbi6lb8vws7zc251v47bpijh805lyg-python3-3.12.13"
        },
        "x86_64-darwin": {
          "outputs": [
            {
              "name": "out",
              "path": "/nix/store/074rsjnaz8sf3xdf09a16zcw1qf8cj81-python3-3.12.13",
              "default": true
            }
          ],
          "store_path": "/nix/store/074rsjnaz8sf3xdf09a16zcw1qf8cj81-python3-3.12.13"
        },
        "x86_64-linux": {
          "outputs": [
            {
              "name": "out",
              "path": "/nix/store/h3q2g9wq4x3q84164qsfm3lz5djj0bf3-python3-3.12.13",
              "default": true
            },
            {
              "name": "debug",
              "path": "/nix/store/8hjni6450l0l4m5cvlxjb6wn7r0ynffl-python3-3.12.13-debug"
            }
          ],
          "store_path": "/nix/store/h3q2g9wq4x3q84164qsfm3lz5djj0bf3-python3-3.12.13"
        }
      }
    },
    "rabbitmq-server@4.2.5": {
      "last_modified": "2026-05-29T05:01:12Z",
      "resolved": "github:NixOS/nixpkgs/e9a7635a57597d9754eccebdfc7045e6c8600e6b#rabbitmq-server",
      "source": "devbox-search",
      "version": "4.2.5",
      "systems": {
        "aarch64-darwin": {
          "outputs": [
            {
              "name": "out",
              "path": "/nix/store/ch79w52ngbbxrm9dxf1amrpvf78fffva-rabbitmq-server-4.2.5",
              "default": true
            },
            {
              "name": "man",
              "path": "/nix/store/2769xsqkdga93bi3akdbdaw1pyjnha24-rabbitmq-server-4.2.5-man",
              "default": true
            },
            {
              "name": "doc",
              "path": "/nix/store/yp6hglwj57b0sgjj5g6rvrc5v1lnxzla-rabbitmq-server-4.2.5-doc"
            }
          ],
          "store_path": "/nix/store/ch79w52ngbbxrm9dxf1amrpvf78fffva-rabbitmq-server-4.2.5"
        },
        "aarch64-linux": {
          "outputs": [
            {
              "name": "out",
              "path": "/nix/store/12hwm5m2avzcvckkp03vzs3qsb99vi2j-rabbitmq-server-4.2.5",
              "default": true
            },
            {
              "name": "man",
              "path": "/nix/store/x3ls89ws9zwfwccj5npccp491w76aap8-rabbitmq-server-4.2.5-man",
              "default": true
            },
            {
              "name": "doc",
              "path": "/nix/store/wc33y73gksnvsghi0jrqc73p4wfy7m7h-rabbitmq-server-4.2.5-doc"
            }
          ],
          "store_path": "/nix/store/12hwm5m2avzcvckkp03vzs3qsb99vi2j-rabbitmq-server-4.2.5"
        },
        "x86_64-darwin": {
          "outputs": [
            {
              "name": "out",
              "path": "/nix/store/yg0dmc8yvjr57340ih6vsqdm86jfrhd5-rabbitmq-server-4.2.5",
              "default": true
            },
            {
              "name": "man",
              "path": "/nix/store/z9jivi02zwp5f4klwib9b93sajxc85rb-rabbitmq-server-4.2.5-man",
              "default": true
            },
            {
              "name": "doc",
              "path": "/nix/store/7vs8g7z3zx4amm6m23v2r2ln3sd3ib7r-rabbitmq-server-4.2.5-doc"
            }
          ],
          "store_path": "/nix/store/yg0dmc8yvjr57340ih6vsqdm86jfrhd5-rabbitmq-server-4.2.5"
        },
        "x86_64-linux": {
          "outputs": [
            {
              "name": "out",
              "path": "/nix/store/3ghhx2pr8rkhd6877kx80na9gpr570y1-rabbitmq-server-4.2.5",
              "default": true
            },
            {
              "name": "man",
              "path": "/nix/store/2pjb77wd61q8ng23pr51p64rrfrl2iac-rabbitmq-server-4.2.5-man",
              "default": true
            },
            {
              "name": "doc",
              "path": "/nix/store/0vmbkn31s4bbz1k4sk27czphsb8yf416-rabbitmq-server-4.2.5-doc"
            }
          ],
          "store_path": "/nix/store/3ghhx2pr8rkhd6877kx80na9gpr570y1-rabbitmq-server-4.2.5"
        }
      }
    }
  }
}
